
Microsoft Visual Studio Solution File, Format Version 12.00
# Visual Studio Version 17
VisualStudioVersion = 17.3.32929.385
MinimumVisualStudioVersion = 10.0.40219.1
Project("{FAE04EC0-301F-11D3-BF4B-00C04F79EFBC}") = "DelegateTask2", "DelegateTask2\DelegateTask2.csproj", "{88B87C88-03CF-476E-A223-3B578F2798B9}"
EndProject
Global
	GlobalSection(SolutionConfigurationPlatforms) = preSolution
		Debug|Any CPU = Debug|Any CPU
		Release|Any CPU = Release|Any CPU
	EndGlobalSection
	GlobalSection(ProjectConfigurationPlatforms) = postSolution
		{88B87C88-03CF-476E-A223-3B578F2798B9}.Debug|Any CPU.ActiveCfg = Debug|Any CPU
		{88B87C88-03CF-476E-A223-3B578F2798B9}.Debug|Any CPU.Build.0 = Debug|Any CPU
		{88B87C88-03CF-476E-A223-3B578F2798B9}.Release|Any CPU.ActiveCfg = Release|Any CPU
		{88B87C88-03CF-476E-A223-3B578F2798B9}.Release|Any CPU.Build.0 = Release|Any CPU
	EndGlobalSection
	GlobalSection(SolutionProperties) = preSolution
		HideSolutionNode = FALSE
	EndGlobalSection
	GlobalSection(ExtensibilityGlobals) = postSolution
		SolutionGuid = {56DE1AA5-2953-41A7-BF48-C8AE5F2D496E}
	EndGlobalSection
EndGlobal
